
Microsoft Visual Studio Solution File, Format Version 12.00
# Visual Studio Version 16
VisualStudioVersion = 16.0.30611.23
MinimumVisualStudioVersion = 10.0.40219.1
Project("{00D1A9C2-B5F0-4AF3-8072-F6C62B433612}") = "MovieTraders.DB", "MovieTraders.DB\MovieTraders.DB.sqlproj", "{C6AEC5FD-C22A-4778-B8C4-5DC271BCE71F}"
EndProject
Project("{9A19103F-16F7-4668-BE54-9A1E7A4F7556}") = "MovieTraders.Data", "MovieTraders.Data\MovieTraders.Data.csproj", "{40A5504B-B49A-4D45-AA65-158EAC0DCFBB}"
EndProject
Project("{9A19103F-16F7-4668-BE54-9A1E7A4F7556}") = "MovieTraders.Functions", "MovieTraders.Functions\MovieTraders.Functions.csproj", "{A66B68A3-5D07-4CE6-B380-1C31FA7D662E}"
EndProject
Project("{9A19103F-16F7-4668-BE54-9A1E7A4F7556}") = "MovieTraders.Blazor", "MovieTraders.Blazor\MovieTraders.Blazor.csproj", "{3B127ECD-EE7B-4F88-98D0-099727C2D6BE}"
EndProject
Project("{9A19103F-16F7-4668-BE54-9A1E7A4F7556}") = "MovieTraders.Security", "MovieTraders.Security\MovieTraders.Security.csproj", "{A914AD23-BB99-429F-9B70-32C32520D87F}"
EndProject
Global
	GlobalSection(SolutionConfigurationPlatforms) = preSolution
		Debug|Any CPU = Debug|Any CPU
		Release|Any CPU = Release|Any CPU
	EndGlobalSection
	GlobalSection(ProjectConfigurationPlatforms) = postSolution
		{C6AEC5FD-C22A-4778-B8C4-5DC271BCE71F}.Debug|Any CPU.ActiveCfg = Debug|Any CPU
		{C6AEC5FD-C22A-4778-B8C4-5DC271BCE71F}.Debug|Any CPU.Build.0 = Debug|Any CPU
		{C6AEC5FD-C22A-4778-B8C4-5DC271BCE71F}.Debug|Any CPU.Deploy.0 = Debug|Any CPU
		{C6AEC5FD-C22A-4778-B8C4-5DC271BCE71F}.Release|Any CPU.ActiveCfg = Release|Any CPU
		{C6AEC5FD-C22A-4778-B8C4-5DC271BCE71F}.Release|Any CPU.Build.0 = Release|Any CPU
		{C6AEC5FD-C22A-4778-B8C4-5DC271BCE71F}.Release|Any CPU.Deploy.0 = Release|Any CPU
		{40A5504B-B49A-4D45-AA65-158EAC0DCFBB}.Debug|Any CPU.ActiveCfg = Debug|Any CPU
		{40A5504B-B49A-4D45-AA65-158EAC0DCFBB}.Debug|Any CPU.Build.0 = Debug|Any CPU
		{40A5504B-B49A-4D45-AA65-158EAC0DCFBB}.Release|Any CPU.ActiveCfg = Release|Any CPU
		{40A5504B-B49A-4D45-AA65-158EAC0DCFBB}.Release|Any CPU.Build.0 = Release|Any CPU
		{A66B68A3-5D07-4CE6-B380-1C31FA7D662E}.Debug|Any CPU.ActiveCfg = Debug|Any CPU
		{A66B68A3-5D07-4CE6-B380-1C31FA7D662E}.Debug|Any CPU.Build.0 = Debug|Any CPU
		{A66B68A3-5D07-4CE6-B380-1C31FA7D662E}.Release|Any CPU.ActiveCfg = Release|Any CPU
		{A66B68A3-5D07-4CE6-B380-1C31FA7D662E}.Release|Any CPU.Build.0 = Release|Any CPU
		{3B127ECD-EE7B-4F88-98D0-099727C2D6BE}.Debug|Any CPU.ActiveCfg = Debug|Any CPU
		{3B127ECD-EE7B-4F88-98D0-099727C2D6BE}.Debug|Any CPU.Build.0 = Debug|Any CPU
		{3B127ECD-EE7B-4F88-98D0-099727C2D6BE}.Release|Any CPU.ActiveCfg = Release|Any CPU
		{3B127ECD-EE7B-4F88-98D0-099727C2D6BE}.Release|Any CPU.Build.0 = Release|Any CPU
		{A914AD23-BB99-429F-9B70-32C32520D87F}.Debug|Any CPU.ActiveCfg = Debug|Any CPU
		{A914AD23-BB99-429F-9B70-32C32520D87F}.Debug|Any CPU.Build.0 = Debug|Any CPU
		{A914AD23-BB99-429F-9B70-32C32520D87F}.Release|Any CPU.ActiveCfg = Release|Any CPU
		{A914AD23-BB99-429F-9B70-32C32520D87F}.Release|Any CPU.Build.0 = Release|Any CPU
	EndGlobalSection
	GlobalSection(SolutionProperties) = preSolution
		HideSolutionNode = FALSE
	EndGlobalSection
	GlobalSection(ExtensibilityGlobals) = postSolution
		SolutionGuid = {BDE501A4-8490-495C-8BDB-E3F793FC697E}
	EndGlobalSection
EndGlobal
